
Microsoft Visual Studio Solution File, Format Version 12.00
# Visual Studio Version 17
VisualStudioVersion = 17.4.33122.133
MinimumVisualStudioVersion = 10.0.40219.1
Project("{FAE04EC0-301F-11D3-BF4B-00C04F79EFBC}") = "Lab5_LiliyaBukhtik", "Lab5_LiliyaBukhtik.csproj", "{FFE11EAA-D9BF-4334-8DA7-DF5066AC91E8}"
EndProject
Global
	GlobalSection(SolutionConfigurationPlatforms) = preSolution
		Debug|Any CPU = Debug|Any CPU
		Release|Any CPU = Release|Any CPU
	EndGlobalSection
	GlobalSection(ProjectConfigurationPlatforms) = postSolution
		{FFE11EAA-D9BF-4334-8DA7-DF5066AC91E8}.Debug|Any CPU.ActiveCfg = Debug|Any CPU
		{FFE11EAA-D9BF-4334-8DA7-DF5066AC91E8}.Debug|Any CPU.Build.0 = Debug|Any CPU
		{FFE11EAA-D9BF-4334-8DA7-DF5066AC91E8}.Release|Any CPU.ActiveCfg = Release|Any CPU
		{FFE11EAA-D9BF-4334-8DA7-DF5066AC91E8}.Release|Any CPU.Build.0 = Release|Any CPU
	EndGlobalSection
	GlobalSection(SolutionProperties) = preSolution
		HideSolutionNode = FALSE
	EndGlobalSection
	GlobalSection(ExtensibilityGlobals) = postSolution
		SolutionGuid = {68955B8A-0064-41BC-A82E-643BE6595492}
	EndGlobalSection
EndGlobal
